
Microsoft Visual Studio Solution File, Format Version 12.00
# Visual Studio Version 18
VisualStudioVersion = 18.0.11205.157
MinimumVisualStudioVersion = 10.0.40219.1
Project("{9A19103F-16F7-4668-BE54-9A1E7A4F7556}") = "XarChat.Backend", "host\shared\XarChat.Backend\XarChat.Backend.csproj", "{344B1953-0472-4B25-AC87-E14C80679FE1}"
EndProject
Project("{FAE04EC0-301F-11D3-BF4B-00C04F79EFBC}") = "XarChatLinuxPhotino", "host\linux-photino\XarChatLinuxPhotino\XarChatLinuxPhotino.csproj", "{0751CDE8-5BEB-433F-B7D2-D5DE2785EFDB}"
EndProject
Project("{FAE04EC0-301F-11D3-BF4B-00C04F79EFBC}") = "XarChat.Backend.Linux", "host\linux\XarChat.Backend.Linux\XarChat.Backend.Linux.csproj", "{BD4E83B0-C606-4E20-8DCB-ACE51CEB4A45}"
EndProject
Project("{FAE04EC0-301F-11D3-BF4B-00C04F79EFBC}") = "XarChat.AutoUpdate", "host\shared\XarChat.AutoUpdate\XarChat.AutoUpdate.csproj", "{03F75260-4093-45F9-9D64-1E2364CFB94A}"
EndProject
Project("{FAE04EC0-301F-11D3-BF4B-00C04F79EFBC}") = "Photino.NET", "host\shared\photino.NET\Photino.NET\Photino.NET.csproj", "{03F75260-4093-45F9-9D64-1E2364CFB94B}"
EndProject
Project("{FAE04EC0-301F-11D3-BF4B-00C04F79EFBC}") = "XarChat.Backend.Photino", "host\shared\XarChat.Backend.Photino\XarChat.Backend.Photino.csproj", "{1C7676CE-51F2-7112-9AD4-9E6AB4305573}"
EndProject
Project("{2150E333-8FDC-42A3-9474-1A3956D46DE8}") = "libraries", "libraries", "{3EC266A6-489F-484F-8986-769D865DF158}"
	ProjectSection(SolutionItems) = preProject
		CHANGELOG.md = CHANGELOG.md
	EndProjectSection
EndProject
Project("{2150E333-8FDC-42A3-9474-1A3956D46DE8}") = "Solution Items", "Solution Items", "{F38B3314-DF69-48CE-BD82-9548578F5660}"
	ProjectSection(SolutionItems) = preProject
		CHANGELOG.md = CHANGELOG.md
	EndProjectSection
EndProject
Project("{2150E333-8FDC-42A3-9474-1A3956D46DE8}") = "host", "host", "{55D7EBA5-7C81-4712-BEF7-F8722D260097}"
EndProject
Project("{FAE04EC0-301F-11D3-BF4B-00C04F79EFBC}") = "XarChatUnifiedHost", "host\shared\XarChatUnifiedHost\XarChatUnifiedHost.csproj", "{1120B089-60B2-4A77-9D3F-1130F7A2FDB0}"
EndProject
Project("{FAE04EC0-301F-11D3-BF4B-00C04F79EFBC}") = "XarChat.UI.Abstractions", "host\shared\XarChat.UI.Abstractions\XarChat.UI.Abstractions.csproj", "{DB8A58B7-CFCD-4D65-B108-AFB618486BED}"
EndProject
Project("{FAE04EC0-301F-11D3-BF4B-00C04F79EFBC}") = "XarChat.UI.Gtk4", "host\shared\XarChat.UI.Gtk4\XarChat.UI.Gtk4.csproj", "{B520A3A7-DCCD-46B0-80F5-27F1AD57225E}"
EndProject
Project("{FAE04EC0-301F-11D3-BF4B-00C04F79EFBC}") = "XarChat.UI.Photino", "host\shared\XarChat.UI.Photino\XarChat.UI.Photino.csproj", "{1F7FCC87-E098-4E2C-BC92-FD6B2B836964}"
EndProject
Project("{FAE04EC0-301F-11D3-BF4B-00C04F79EFBC}") = "XarChat.UI.Win32", "host\win32\XarChat.UI.Win32\XarChat.UI.Win32.csproj", "{CE58EAC7-7060-4A80-838D-89B75022B2EE}"
EndProject
Global
	GlobalSection(SolutionConfigurationPlatforms) = preSolution
		Debug|Any CPU = Debug|Any CPU
		Debug|x64 = Debug|x64
		Debug|x86 = Debug|x86
		Release|Any CPU = Release|Any CPU
		Release|x64 = Release|x64
		Release|x86 = Release|x86
	EndGlobalSection
	GlobalSection(ProjectConfigurationPlatforms) = postSolution
		{344B1953-0472-4B25-AC87-E14C80679FE1}.Debug|Any CPU.ActiveCfg = Debug|Any CPU
		{344B1953-0472-4B25-AC87-E14C80679FE1}.Debug|Any CPU.Build.0 = Debug|Any CPU
		{344B1953-0472-4B25-AC87-E14C80679FE1}.Debug|x64.ActiveCfg = Debug|Any CPU
		{344B1953-0472-4B25-AC87-E14C80679FE1}.Debug|x64.Build.0 = Debug|Any CPU
		{344B1953-0472-4B25-AC87-E14C80679FE1}.Debug|x86.ActiveCfg = Debug|Any CPU
		{344B1953-0472-4B25-AC87-E14C80679FE1}.Debug|x86.Build.0 = Debug|Any CPU
		{344B1953-0472-4B25-AC87-E14C80679FE1}.Release|Any CPU.ActiveCfg = Release|Any CPU
		{344B1953-0472-4B25-AC87-E14C80679FE1}.Release|Any CPU.Build.0 = Release|Any CPU
		{344B1953-0472-4B25-AC87-E14C80679FE1}.Release|x64.ActiveCfg = Release|Any CPU
		{344B1953-0472-4B25-AC87-E14C80679FE1}.Release|x64.Build.0 = Release|Any CPU
		{344B1953-0472-4B25-AC87-E14C80679FE1}.Release|x86.ActiveCfg = Release|Any CPU
		{344B1953-0472-4B25-AC87-E14C80679FE1}.Release|x86.Build.0 = Release|Any CPU
		{0751CDE8-5BEB-433F-B7D2-D5DE2785EFDB}.Debug|Any CPU.ActiveCfg = Debug|Any CPU
		{0751CDE8-5BEB-433F-B7D2-D5DE2785EFDB}.Debug|Any CPU.Build.0 = Debug|Any CPU
		{0751CDE8-5BEB-433F-B7D2-D5DE2785EFDB}.Debug|x64.ActiveCfg = Debug|Any CPU
		{0751CDE8-5BEB-433F-B7D2-D5DE2785EFDB}.Debug|x64.Build.0 = Debug|Any CPU
		{0751CDE8-5BEB-433F-B7D2-D5DE2785EFDB}.Debug|x86.ActiveCfg = Debug|Any CPU
		{0751CDE8-5BEB-433F-B7D2-D5DE2785EFDB}.Debug|x86.Build.0 = Debug|Any CPU
		{0751CDE8-5BEB-433F-B7D2-D5DE2785EFDB}.Release|Any CPU.ActiveCfg = Release|Any CPU
		{0751CDE8-5BEB-433F-B7D2-D5DE2785EFDB}.Release|Any CPU.Build.0 = Release|Any CPU
		{0751CDE8-5BEB-433F-B7D2-D5DE2785EFDB}.Release|x64.ActiveCfg = Release|Any CPU
		{0751CDE8-5BEB-433F-B7D2-D5DE2785EFDB}.Release|x64.Build.0 = Release|Any CPU
		{0751CDE8-5BEB-433F-B7D2-D5DE2785EFDB}.Release|x86.ActiveCfg = Release|Any CPU
		{0751CDE8-5BEB-433F-B7D2-D5DE2785EFDB}.Release|x86.Build.0 = Release|Any CPU
		{BD4E83B0-C606-4E20-8DCB-ACE51CEB4A45}.Debug|Any CPU.ActiveCfg = Debug|Any CPU
		{BD4E83B0-C606-4E20-8DCB-ACE51CEB4A45}.Debug|Any CPU.Build.0 = Debug|Any CPU
		{BD4E83B0-C606-4E20-8DCB-ACE51CEB4A45}.Debug|x64.ActiveCfg = Debug|Any CPU
		{BD4E83B0-C606-4E20-8DCB-ACE51CEB4A45}.Debug|x64.Build.0 = Debug|Any CPU
		{BD4E83B0-C606-4E20-8DCB-ACE51CEB4A45}.Debug|x86.ActiveCfg = Debug|Any CPU
		{BD4E83B0-C606-4E20-8DCB-ACE51CEB4A45}.Debug|x86.Build.0 = Debug|Any CPU
		{BD4E83B0-C606-4E20-8DCB-ACE51CEB4A45}.Release|Any CPU.ActiveCfg = Release|Any CPU
		{BD4E83B0-C606-4E20-8DCB-ACE51CEB4A45}.Release|Any CPU.Build.0 = Release|Any CPU
		{BD4E83B0-C606-4E20-8DCB-ACE51CEB4A45}.Release|x64.ActiveCfg = Release|Any CPU
		{BD4E83B0-C606-4E20-8DCB-ACE51CEB4A45}.Release|x64.Build.0 = Release|Any CPU
		{BD4E83B0-C606-4E20-8DCB-ACE51CEB4A45}.Release|x86.ActiveCfg = Release|Any CPU
		{BD4E83B0-C606-4E20-8DCB-ACE51CEB4A45}.Release|x86.Build.0 = Release|Any CPU
		{03F75260-4093-45F9-9D64-1E2364CFB94A}.Debug|Any CPU.ActiveCfg = Debug|Any CPU
		{03F75260-4093-45F9-9D64-1E2364CFB94A}.Debug|Any CPU.Build.0 = Debug|Any CPU
		{03F75260-4093-45F9-9D64-1E2364CFB94A}.Debug|x64.ActiveCfg = Debug|Any CPU
		{03F75260-4093-45F9-9D64-1E2364CFB94A}.Debug|x64.Build.0 = Debug|Any CPU
		{03F75260-4093-45F9-9D64-1E2364CFB94A}.Debug|x86.ActiveCfg = Debug|Any CPU
		{03F75260-4093-45F9-9D64-1E2364CFB94A}.Debug|x86.Build.0 = Debug|Any CPU
		{03F75260-4093-45F9-9D64-1E2364CFB94A}.Release|Any CPU.ActiveCfg = Release|Any CPU
		{03F75260-4093-45F9-9D64-1E2364CFB94A}.Release|Any CPU.Build.0 = Release|Any CPU
		{03F75260-4093-45F9-9D64-1E2364CFB94A}.Release|x64.ActiveCfg = Release|Any CPU
		{03F75260-4093-45F9-9D64-1E2364CFB94A}.Release|x64.Build.0 = Release|Any CPU
		{03F75260-4093-45F9-9D64-1E2364CFB94A}.Release|x86.ActiveCfg = Release|Any CPU
		{03F75260-4093-45F9-9D64-1E2364CFB94A}.Release|x86.Build.0 = Release|Any CPU
		{03F75260-4093-45F9-9D64-1E2364CFB94B}.Debug|Any CPU.ActiveCfg = Debug|Any CPU
		{03F75260-4093-45F9-9D64-1E2364CFB94B}.Debug|Any CPU.Build.0 = Debug|Any CPU
		{03F75260-4093-45F9-9D64-1E2364CFB94B}.Debug|x64.ActiveCfg = Debug|Any CPU
		{03F75260-4093-45F9-9D64-1E2364CFB94B}.Debug|x64.Build.0 = Debug|Any CPU
		{03F75260-4093-45F9-9D64-1E2364CFB94B}.Debug|x86.ActiveCfg = Debug|Any CPU
		{03F75260-4093-45F9-9D64-1E2364CFB94B}.Debug|x86.Build.0 = Debug|Any CPU
		{03F75260-4093-45F9-9D64-1E2364CFB94B}.Release|Any CPU.ActiveCfg = Release|Any CPU
		{03F75260-4093-45F9-9D64-1E2364CFB94B}.Release|Any CPU.Build.0 = Release|Any CPU
		{03F75260-4093-45F9-9D64-1E2364CFB94B}.Release|x64.ActiveCfg = Release|Any CPU
		{03F75260-4093-45F9-9D64-1E2364CFB94B}.Release|x64.Build.0 = Release|Any CPU
		{03F75260-4093-45F9-9D64-1E2364CFB94B}.Release|x86.ActiveCfg = Release|Any CPU
		{03F75260-4093-45F9-9D64-1E2364CFB94B}.Release|x86.Build.0 = Release|Any CPU
		{1C7676CE-51F2-7112-9AD4-9E6AB4305573}.Debug|Any CPU.ActiveCfg = Debug|Any CPU
		{1C7676CE-51F2-7112-9AD4-9E6AB4305573}.Debug|Any CPU.Build.0 = Debug|Any CPU
		{1C7676CE-51F2-7112-9AD4-9E6AB4305573}.Debug|x64.ActiveCfg = Debug|Any CPU
		{1C7676CE-51F2-7112-9AD4-9E6AB4305573}.Debug|x64.Build.0 = Debug|Any CPU
		{1C7676CE-51F2-7112-9AD4-9E6AB4305573}.Debug|x86.ActiveCfg = Debug|Any CPU
		{1C7676CE-51F2-7112-9AD4-9E6AB4305573}.Debug|x86.Build.0 = Debug|Any CPU
		{1C7676CE-51F2-7112-9AD4-9E6AB4305573}.Release|Any CPU.ActiveCfg = Release|Any CPU
		{1C7676CE-51F2-7112-9AD4-9E6AB4305573}.Release|Any CPU.Build.0 = Release|Any CPU
		{1C7676CE-51F2-7112-9AD4-9E6AB4305573}.Release|x64.ActiveCfg = Release|Any CPU
		{1C7676CE-51F2-7112-9AD4-9E6AB4305573}.Release|x64.Build.0 = Release|Any CPU
		{1C7676CE-51F2-7112-9AD4-9E6AB4305573}.Release|x86.ActiveCfg = Release|Any CPU
		{1C7676CE-51F2-7112-9AD4-9E6AB4305573}.Release|x86.Build.0 = Release|Any CPU
		{1120B089-60B2-4A77-9D3F-1130F7A2FDB0}.Debug|Any CPU.ActiveCfg = Debug|Any CPU
		{1120B089-60B2-4A77-9D3F-1130F7A2FDB0}.Debug|Any CPU.Build.0 = Debug|Any CPU
		{1120B089-60B2-4A77-9D3F-1130F7A2FDB0}.Debug|x64.ActiveCfg = Debug|Any CPU
		{1120B089-60B2-4A77-9D3F-1130F7A2FDB0}.Debug|x64.Build.0 = Debug|Any CPU
		{1120B089-60B2-4A77-9D3F-1130F7A2FDB0}.Debug|x86.ActiveCfg = Debug|Any CPU
		{1120B089-60B2-4A77-9D3F-1130F7A2FDB0}.Debug|x86.Build.0 = Debug|Any CPU
		{1120B089-60B2-4A77-9D3F-1130F7A2FDB0}.Release|Any CPU.ActiveCfg = Release|Any CPU
		{1120B089-60B2-4A77-9D3F-1130F7A2FDB0}.Release|Any CPU.Build.0 = Release|Any CPU
		{1120B089-60B2-4A77-9D3F-1130F7A2FDB0}.Release|x64.ActiveCfg = Release|Any CPU
		{1120B089-60B2-4A77-9D3F-1130F7A2FDB0}.Release|x64.Build.0 = Release|Any CPU
		{1120B089-60B2-4A77-9D3F-1130F7A2FDB0}.Release|x86.ActiveCfg = Release|Any CPU
		{1120B089-60B2-4A77-9D3F-1130F7A2FDB0}.Release|x86.Build.0 = Release|Any CPU
		{DB8A58B7-CFCD-4D65-B108-AFB618486BED}.Debug|Any CPU.ActiveCfg = Debug|Any CPU
		{DB8A58B7-CFCD-4D65-B108-AFB618486BED}.Debug|Any CPU.Build.0 = Debug|Any CPU
		{DB8A58B7-CFCD-4D65-B108-AFB618486BED}.Debug|x64.ActiveCfg = Debug|Any CPU
		{DB8A58B7-CFCD-4D65-B108-AFB618486BED}.Debug|x64.Build.0 = Debug|Any CPU
		{DB8A58B7-CFCD-4D65-B108-AFB618486BED}.Debug|x86.ActiveCfg = Debug|Any CPU
		{DB8A58B7-CFCD-4D65-B108-AFB618486BED}.Debug|x86.Build.0 = Debug|Any CPU
		{DB8A58B7-CFCD-4D65-B108-AFB618486BED}.Release|Any CPU.ActiveCfg = Release|Any CPU
		{DB8A58B7-CFCD-4D65-B108-AFB618486BED}.Release|Any CPU.Build.0 = Release|Any CPU
		{DB8A58B7-CFCD-4D65-B108-AFB618486BED}.Release|x64.ActiveCfg = Release|Any CPU
		{DB8A58B7-CFCD-4D65-B108-AFB618486BED}.Release|x64.Build.0 = Release|Any CPU
		{DB8A58B7-CFCD-4D65-B108-AFB618486BED}.Release|x86.ActiveCfg = Release|Any CPU
		{DB8A58B7-CFCD-4D65-B108-AFB618486BED}.Release|x86.Build.0 = Release|Any CPU
		{B520A3A7-DCCD-46B0-80F5-27F1AD57225E}.Debug|Any CPU.ActiveCfg = Debug|Any CPU
		{B520A3A7-DCCD-46B0-80F5-27F1AD57225E}.Debug|Any CPU.Build.0 = Debug|Any CPU
		{B520A3A7-DCCD-46B0-80F5-27F1AD57225E}.Debug|x64.ActiveCfg = Debug|Any CPU
		{B520A3A7-DCCD-46B0-80F5-27F1AD57225E}.Debug|x64.Build.0 = Debug|Any CPU
		{B520A3A7-DCCD-46B0-80F5-27F1AD57225E}.Debug|x86.ActiveCfg = Debug|Any CPU
		{B520A3A7-DCCD-46B0-80F5-27F1AD57225E}.Debug|x86.Build.0 = Debug|Any CPU
		{B520A3A7-DCCD-46B0-80F5-27F1AD57225E}.Release|Any CPU.ActiveCfg = Release|Any CPU
		{B520A3A7-DCCD-46B0-80F5-27F1AD57225E}.Release|Any CPU.Build.0 = Release|Any CPU
		{B520A3A7-DCCD-46B0-80F5-27F1AD57225E}.Release|x64.ActiveCfg = Release|Any CPU
		{B520A3A7-DCCD-46B0-80F5-27F1AD57225E}.Release|x64.Build.0 = Release|Any CPU
		{B520A3A7-DCCD-46B0-80F5-27F1AD57225E}.Release|x86.ActiveCfg = Release|Any CPU
		{B520A3A7-DCCD-46B0-80F5-27F1AD57225E}.Release|x86.Build.0 = Release|Any CPU
		{1F7FCC87-E098-4E2C-BC92-FD6B2B836964}.Debug|Any CPU.ActiveCfg = Debug|Any CPU
		{1F7FCC87-E098-4E2C-BC92-FD6B2B836964}.Debug|Any CPU.Build.0 = Debug|Any CPU
		{1F7FCC87-E098-4E2C-BC92-FD6B2B836964}.Debug|x64.ActiveCfg = Debug|Any CPU
		{1F7FCC87-E098-4E2C-BC92-FD6B2B836964}.Debug|x64.Build.0 = Debug|Any CPU
		{1F7FCC87-E098-4E2C-BC92-FD6B2B836964}.Debug|x86.ActiveCfg = Debug|Any CPU
		{1F7FCC87-E098-4E2C-BC92-FD6B2B836964}.Debug|x86.Build.0 = Debug|Any CPU
		{1F7FCC87-E098-4E2C-BC92-FD6B2B836964}.Release|Any CPU.ActiveCfg = Release|Any CPU
		{1F7FCC87-E098-4E2C-BC92-FD6B2B836964}.Release|Any CPU.Build.0 = Release|Any CPU
		{1F7FCC87-E098-4E2C-BC92-FD6B2B836964}.Release|x64.ActiveCfg = Release|Any CPU
		{1F7FCC87-E098-4E2C-BC92-FD6B2B836964}.Release|x64.Build.0 = Release|Any CPU
		{1F7FCC87-E098-4E2C-BC92-FD6B2B836964}.Release|x86.ActiveCfg = Release|Any CPU
		{1F7FCC87-E098-4E2C-BC92-FD6B2B836964}.Release|x86.Build.0 = Release|Any CPU
		{CE58EAC7-7060-4A80-838D-89B75022B2EE}.Debug|Any CPU.ActiveCfg = Debug|Any CPU
		{CE58EAC7-7060-4A80-838D-89B75022B2EE}.Debug|Any CPU.Build.0 = Debug|Any CPU
		{CE58EAC7-7060-4A80-838D-89B75022B2EE}.Debug|x64.ActiveCfg = Debug|Any CPU
		{CE58EAC7-7060-4A80-838D-89B75022B2EE}.Debug|x64.Build.0 = Debug|Any CPU
		{CE58EAC7-7060-4A80-838D-89B75022B2EE}.Debug|x86.ActiveCfg = Debug|Any CPU
		{CE58EAC7-7060-4A80-838D-89B75022B2EE}.Debug|x86.Build.0 = Debug|Any CPU
		{CE58EAC7-7060-4A80-838D-89B75022B2EE}.Release|Any CPU.ActiveCfg = Release|Any CPU
		{CE58EAC7-7060-4A80-838D-89B75022B2EE}.Release|Any CPU.Build.0 = Release|Any CPU
		{CE58EAC7-7060-4A80-838D-89B75022B2EE}.Release|x64.ActiveCfg = Release|Any CPU
		{CE58EAC7-7060-4A80-838D-89B75022B2EE}.Release|x64.Build.0 = Release|Any CPU
		{CE58EAC7-7060-4A80-838D-89B75022B2EE}.Release|x86.ActiveCfg = Release|Any CPU
		{CE58EAC7-7060-4A80-838D-89B75022B2EE}.Release|x86.Build.0 = Release|Any CPU
	EndGlobalSection
	GlobalSection(SolutionProperties) = preSolution
		HideSolutionNode = FALSE
	EndGlobalSection
	GlobalSection(NestedProjects) = preSolution
		{344B1953-0472-4B25-AC87-E14C80679FE1} = {3EC266A6-489F-484F-8986-769D865DF158}
		{0751CDE8-5BEB-433F-B7D2-D5DE2785EFDB} = {55D7EBA5-7C81-4712-BEF7-F8722D260097}
		{BD4E83B0-C606-4E20-8DCB-ACE51CEB4A45} = {3EC266A6-489F-484F-8986-769D865DF158}
		{03F75260-4093-45F9-9D64-1E2364CFB94A} = {3EC266A6-489F-484F-8986-769D865DF158}
		{03F75260-4093-45F9-9D64-1E2364CFB94B} = {3EC266A6-489F-484F-8986-769D865DF158}
		{1C7676CE-51F2-7112-9AD4-9E6AB4305573} = {3EC266A6-489F-484F-8986-769D865DF158}
		{1120B089-60B2-4A77-9D3F-1130F7A2FDB0} = {55D7EBA5-7C81-4712-BEF7-F8722D260097}
		{DB8A58B7-CFCD-4D65-B108-AFB618486BED} = {3EC266A6-489F-484F-8986-769D865DF158}
		{B520A3A7-DCCD-46B0-80F5-27F1AD57225E} = {3EC266A6-489F-484F-8986-769D865DF158}
		{1F7FCC87-E098-4E2C-BC92-FD6B2B836964} = {3EC266A6-489F-484F-8986-769D865DF158}
		{CE58EAC7-7060-4A80-838D-89B75022B2EE} = {3EC266A6-489F-484F-8986-769D865DF158}
	EndGlobalSection
	GlobalSection(ExtensibilityGlobals) = postSolution
		SolutionGuid = {77C2FB46-4D51-4683-BC89-2B13F3F04C4F}
	EndGlobalSection
EndGlobal
