
Microsoft Visual Studio Solution File, Format Version 12.00
# Visual Studio Version 18
VisualStudioVersion = 18.0.11123.170
MinimumVisualStudioVersion = 10.0.40219.1
Project("{9A19103F-16F7-4668-BE54-9A1E7A4F7556}") = "XarChat.Backend", "host\shared\XarChat.Backend\XarChat.Backend.csproj", "{344B1953-0472-4B25-AC87-E14C80679FE1}"
EndProject
Project("{FAE04EC0-301F-11D3-BF4B-00C04F79EFBC}") = "XarChatMacPhotino", "host\linux-photino\XarChatLinuxPhotino\XarChatMacPhotino.csproj", "{0751CDE8-5BEB-433F-B7D2-D5DE2785EFDB}"
EndProject
Project("{FAE04EC0-301F-11D3-BF4B-00C04F79EFBC}") = "XarChat.Backend.Mac", "host\mac\XarChat.Backend.Mac\XarChat.Backend.Mac.csproj", "{BD4E83B0-C606-4E20-8DCB-ACE51CEB4A45}"
EndProject
Project("{FAE04EC0-301F-11D3-BF4B-00C04F79EFBC}") = "XarChat.AutoUpdate", "host\shared\XarChat.AutoUpdate\XarChat.AutoUpdate.csproj", "{03F75260-4093-45F9-9D64-1E2364CFB94A}"
EndProject
Project("{FAE04EC0-301F-11D3-BF4B-00C04F79EFBC}") = "Photino.NET", "host\shared\photino.NET\Photino.NET\Photino.NET.csproj", "{03F75260-4093-45F9-9D64-1E2364CFB94B}"
EndProject
Project("{2150E333-8FDC-42A3-9474-1A3956D46DE8}") = "host", "host", "{54AFDCFB-BF09-4E00-8254-54DA63A3DB37}"
EndProject
Project("{2150E333-8FDC-42A3-9474-1A3956D46DE8}") = "libraries", "libraries", "{C1340630-E3FF-402B-9883-98A2C48D7845}"
EndProject
Project("{FAE04EC0-301F-11D3-BF4B-00C04F79EFBC}") = "XarChat.Backend.Photino", "host\shared\XarChat.Backend.Photino\XarChat.Backend.Photino.csproj", "{5A5ABE32-0A57-4ED2-A404-34B429DD94F9}"
EndProject
Global
	GlobalSection(SolutionConfigurationPlatforms) = preSolution
		Debug|Any CPU = Debug|Any CPU
		Debug|ARM64 = Debug|ARM64
		Debug|x64 = Debug|x64
		Debug|x86 = Debug|x86
		Release|Any CPU = Release|Any CPU
		Release|ARM64 = Release|ARM64
		Release|x64 = Release|x64
		Release|x86 = Release|x86
	EndGlobalSection
	GlobalSection(ProjectConfigurationPlatforms) = postSolution
		{344B1953-0472-4B25-AC87-E14C80679FE1}.Debug|Any CPU.ActiveCfg = Debug|Any CPU
		{344B1953-0472-4B25-AC87-E14C80679FE1}.Debug|Any CPU.Build.0 = Debug|Any CPU
		{344B1953-0472-4B25-AC87-E14C80679FE1}.Debug|ARM64.ActiveCfg = Debug|Any CPU
		{344B1953-0472-4B25-AC87-E14C80679FE1}.Debug|ARM64.Build.0 = Debug|Any CPU
		{344B1953-0472-4B25-AC87-E14C80679FE1}.Debug|x64.ActiveCfg = Debug|Any CPU
		{344B1953-0472-4B25-AC87-E14C80679FE1}.Debug|x64.Build.0 = Debug|Any CPU
		{344B1953-0472-4B25-AC87-E14C80679FE1}.Debug|x86.ActiveCfg = Debug|Any CPU
		{344B1953-0472-4B25-AC87-E14C80679FE1}.Debug|x86.Build.0 = Debug|Any CPU
		{344B1953-0472-4B25-AC87-E14C80679FE1}.Release|Any CPU.ActiveCfg = Release|Any CPU
		{344B1953-0472-4B25-AC87-E14C80679FE1}.Release|Any CPU.Build.0 = Release|Any CPU
		{344B1953-0472-4B25-AC87-E14C80679FE1}.Release|ARM64.ActiveCfg = Release|Any CPU
		{344B1953-0472-4B25-AC87-E14C80679FE1}.Release|ARM64.Build.0 = Release|Any CPU
		{344B1953-0472-4B25-AC87-E14C80679FE1}.Release|x64.ActiveCfg = Release|Any CPU
		{344B1953-0472-4B25-AC87-E14C80679FE1}.Release|x64.Build.0 = Release|Any CPU
		{344B1953-0472-4B25-AC87-E14C80679FE1}.Release|x86.ActiveCfg = Release|Any CPU
		{344B1953-0472-4B25-AC87-E14C80679FE1}.Release|x86.Build.0 = Release|Any CPU
		{0751CDE8-5BEB-433F-B7D2-D5DE2785EFDB}.Debug|Any CPU.ActiveCfg = Debug|Any CPU
		{0751CDE8-5BEB-433F-B7D2-D5DE2785EFDB}.Debug|Any CPU.Build.0 = Debug|Any CPU
		{0751CDE8-5BEB-433F-B7D2-D5DE2785EFDB}.Debug|ARM64.ActiveCfg = Debug|Any CPU
		{0751CDE8-5BEB-433F-B7D2-D5DE2785EFDB}.Debug|ARM64.Build.0 = Debug|Any CPU
		{0751CDE8-5BEB-433F-B7D2-D5DE2785EFDB}.Debug|x64.ActiveCfg = Debug|Any CPU
		{0751CDE8-5BEB-433F-B7D2-D5DE2785EFDB}.Debug|x64.Build.0 = Debug|Any CPU
		{0751CDE8-5BEB-433F-B7D2-D5DE2785EFDB}.Debug|x86.ActiveCfg = Debug|Any CPU
		{0751CDE8-5BEB-433F-B7D2-D5DE2785EFDB}.Debug|x86.Build.0 = Debug|Any CPU
		{0751CDE8-5BEB-433F-B7D2-D5DE2785EFDB}.Release|Any CPU.ActiveCfg = Release|Any CPU
		{0751CDE8-5BEB-433F-B7D2-D5DE2785EFDB}.Release|Any CPU.Build.0 = Release|Any CPU
		{0751CDE8-5BEB-433F-B7D2-D5DE2785EFDB}.Release|ARM64.ActiveCfg = Release|Any CPU
		{0751CDE8-5BEB-433F-B7D2-D5DE2785EFDB}.Release|ARM64.Build.0 = Release|Any CPU
		{0751CDE8-5BEB-433F-B7D2-D5DE2785EFDB}.Release|x64.ActiveCfg = Release|Any CPU
		{0751CDE8-5BEB-433F-B7D2-D5DE2785EFDB}.Release|x64.Build.0 = Release|Any CPU
		{0751CDE8-5BEB-433F-B7D2-D5DE2785EFDB}.Release|x86.ActiveCfg = Release|Any CPU
		{0751CDE8-5BEB-433F-B7D2-D5DE2785EFDB}.Release|x86.Build.0 = Release|Any CPU
		{BD4E83B0-C606-4E20-8DCB-ACE51CEB4A45}.Debug|Any CPU.ActiveCfg = Debug|Any CPU
		{BD4E83B0-C606-4E20-8DCB-ACE51CEB4A45}.Debug|Any CPU.Build.0 = Debug|Any CPU
		{BD4E83B0-C606-4E20-8DCB-ACE51CEB4A45}.Debug|ARM64.ActiveCfg = Debug|Any CPU
		{BD4E83B0-C606-4E20-8DCB-ACE51CEB4A45}.Debug|ARM64.Build.0 = Debug|Any CPU
		{BD4E83B0-C606-4E20-8DCB-ACE51CEB4A45}.Debug|x64.ActiveCfg = Debug|Any CPU
		{BD4E83B0-C606-4E20-8DCB-ACE51CEB4A45}.Debug|x64.Build.0 = Debug|Any CPU
		{BD4E83B0-C606-4E20-8DCB-ACE51CEB4A45}.Debug|x86.ActiveCfg = Debug|Any CPU
		{BD4E83B0-C606-4E20-8DCB-ACE51CEB4A45}.Debug|x86.Build.0 = Debug|Any CPU
		{BD4E83B0-C606-4E20-8DCB-ACE51CEB4A45}.Release|Any CPU.ActiveCfg = Release|Any CPU
		{BD4E83B0-C606-4E20-8DCB-ACE51CEB4A45}.Release|Any CPU.Build.0 = Release|Any CPU
		{BD4E83B0-C606-4E20-8DCB-ACE51CEB4A45}.Release|ARM64.ActiveCfg = Release|Any CPU
		{BD4E83B0-C606-4E20-8DCB-ACE51CEB4A45}.Release|ARM64.Build.0 = Release|Any CPU
		{BD4E83B0-C606-4E20-8DCB-ACE51CEB4A45}.Release|x64.ActiveCfg = Release|Any CPU
		{BD4E83B0-C606-4E20-8DCB-ACE51CEB4A45}.Release|x64.Build.0 = Release|Any CPU
		{BD4E83B0-C606-4E20-8DCB-ACE51CEB4A45}.Release|x86.ActiveCfg = Release|Any CPU
		{BD4E83B0-C606-4E20-8DCB-ACE51CEB4A45}.Release|x86.Build.0 = Release|Any CPU
		{03F75260-4093-45F9-9D64-1E2364CFB94A}.Debug|Any CPU.ActiveCfg = Debug|Any CPU
		{03F75260-4093-45F9-9D64-1E2364CFB94A}.Debug|Any CPU.Build.0 = Debug|Any CPU
		{03F75260-4093-45F9-9D64-1E2364CFB94A}.Debug|ARM64.ActiveCfg = Debug|Any CPU
		{03F75260-4093-45F9-9D64-1E2364CFB94A}.Debug|ARM64.Build.0 = Debug|Any CPU
		{03F75260-4093-45F9-9D64-1E2364CFB94A}.Debug|x64.ActiveCfg = Debug|Any CPU
		{03F75260-4093-45F9-9D64-1E2364CFB94A}.Debug|x64.Build.0 = Debug|Any CPU
		{03F75260-4093-45F9-9D64-1E2364CFB94A}.Debug|x86.ActiveCfg = Debug|Any CPU
		{03F75260-4093-45F9-9D64-1E2364CFB94A}.Debug|x86.Build.0 = Debug|Any CPU
		{03F75260-4093-45F9-9D64-1E2364CFB94A}.Release|Any CPU.ActiveCfg = Release|Any CPU
		{03F75260-4093-45F9-9D64-1E2364CFB94A}.Release|Any CPU.Build.0 = Release|Any CPU
		{03F75260-4093-45F9-9D64-1E2364CFB94A}.Release|ARM64.ActiveCfg = Release|Any CPU
		{03F75260-4093-45F9-9D64-1E2364CFB94A}.Release|ARM64.Build.0 = Release|Any CPU
		{03F75260-4093-45F9-9D64-1E2364CFB94A}.Release|x64.ActiveCfg = Release|Any CPU
		{03F75260-4093-45F9-9D64-1E2364CFB94A}.Release|x64.Build.0 = Release|Any CPU
		{03F75260-4093-45F9-9D64-1E2364CFB94A}.Release|x86.ActiveCfg = Release|Any CPU
		{03F75260-4093-45F9-9D64-1E2364CFB94A}.Release|x86.Build.0 = Release|Any CPU
		{03F75260-4093-45F9-9D64-1E2364CFB94B}.Debug|Any CPU.ActiveCfg = Debug|Any CPU
		{03F75260-4093-45F9-9D64-1E2364CFB94B}.Debug|Any CPU.Build.0 = Debug|Any CPU
		{03F75260-4093-45F9-9D64-1E2364CFB94B}.Debug|ARM64.ActiveCfg = Debug|Any CPU
		{03F75260-4093-45F9-9D64-1E2364CFB94B}.Debug|ARM64.Build.0 = Debug|Any CPU
		{03F75260-4093-45F9-9D64-1E2364CFB94B}.Debug|x64.ActiveCfg = Debug|Any CPU
		{03F75260-4093-45F9-9D64-1E2364CFB94B}.Debug|x64.Build.0 = Debug|Any CPU
		{03F75260-4093-45F9-9D64-1E2364CFB94B}.Debug|x86.ActiveCfg = Debug|Any CPU
		{03F75260-4093-45F9-9D64-1E2364CFB94B}.Debug|x86.Build.0 = Debug|Any CPU
		{03F75260-4093-45F9-9D64-1E2364CFB94B}.Release|Any CPU.ActiveCfg = Release|Any CPU
		{03F75260-4093-45F9-9D64-1E2364CFB94B}.Release|Any CPU.Build.0 = Release|Any CPU
		{03F75260-4093-45F9-9D64-1E2364CFB94B}.Release|ARM64.ActiveCfg = Release|Any CPU
		{03F75260-4093-45F9-9D64-1E2364CFB94B}.Release|ARM64.Build.0 = Release|Any CPU
		{03F75260-4093-45F9-9D64-1E2364CFB94B}.Release|x64.ActiveCfg = Release|Any CPU
		{03F75260-4093-45F9-9D64-1E2364CFB94B}.Release|x64.Build.0 = Release|Any CPU
		{03F75260-4093-45F9-9D64-1E2364CFB94B}.Release|x86.ActiveCfg = Release|Any CPU
		{03F75260-4093-45F9-9D64-1E2364CFB94B}.Release|x86.Build.0 = Release|Any CPU
		{5A5ABE32-0A57-4ED2-A404-34B429DD94F9}.Debug|Any CPU.ActiveCfg = Debug|Any CPU
		{5A5ABE32-0A57-4ED2-A404-34B429DD94F9}.Debug|Any CPU.Build.0 = Debug|Any CPU
		{5A5ABE32-0A57-4ED2-A404-34B429DD94F9}.Debug|ARM64.ActiveCfg = Debug|Any CPU
		{5A5ABE32-0A57-4ED2-A404-34B429DD94F9}.Debug|ARM64.Build.0 = Debug|Any CPU
		{5A5ABE32-0A57-4ED2-A404-34B429DD94F9}.Debug|x64.ActiveCfg = Debug|Any CPU
		{5A5ABE32-0A57-4ED2-A404-34B429DD94F9}.Debug|x64.Build.0 = Debug|Any CPU
		{5A5ABE32-0A57-4ED2-A404-34B429DD94F9}.Debug|x86.ActiveCfg = Debug|Any CPU
		{5A5ABE32-0A57-4ED2-A404-34B429DD94F9}.Debug|x86.Build.0 = Debug|Any CPU
		{5A5ABE32-0A57-4ED2-A404-34B429DD94F9}.Release|Any CPU.ActiveCfg = Release|Any CPU
		{5A5ABE32-0A57-4ED2-A404-34B429DD94F9}.Release|Any CPU.Build.0 = Release|Any CPU
		{5A5ABE32-0A57-4ED2-A404-34B429DD94F9}.Release|ARM64.ActiveCfg = Release|Any CPU
		{5A5ABE32-0A57-4ED2-A404-34B429DD94F9}.Release|ARM64.Build.0 = Release|Any CPU
		{5A5ABE32-0A57-4ED2-A404-34B429DD94F9}.Release|x64.ActiveCfg = Release|Any CPU
		{5A5ABE32-0A57-4ED2-A404-34B429DD94F9}.Release|x64.Build.0 = Release|Any CPU
		{5A5ABE32-0A57-4ED2-A404-34B429DD94F9}.Release|x86.ActiveCfg = Release|Any CPU
		{5A5ABE32-0A57-4ED2-A404-34B429DD94F9}.Release|x86.Build.0 = Release|Any CPU
	EndGlobalSection
	GlobalSection(SolutionProperties) = preSolution
		HideSolutionNode = FALSE
	EndGlobalSection
	GlobalSection(NestedProjects) = preSolution
		{344B1953-0472-4B25-AC87-E14C80679FE1} = {C1340630-E3FF-402B-9883-98A2C48D7845}
		{0751CDE8-5BEB-433F-B7D2-D5DE2785EFDB} = {54AFDCFB-BF09-4E00-8254-54DA63A3DB37}
		{BD4E83B0-C606-4E20-8DCB-ACE51CEB4A45} = {C1340630-E3FF-402B-9883-98A2C48D7845}
		{03F75260-4093-45F9-9D64-1E2364CFB94A} = {C1340630-E3FF-402B-9883-98A2C48D7845}
		{03F75260-4093-45F9-9D64-1E2364CFB94B} = {C1340630-E3FF-402B-9883-98A2C48D7845}
		{5A5ABE32-0A57-4ED2-A404-34B429DD94F9} = {C1340630-E3FF-402B-9883-98A2C48D7845}
	EndGlobalSection
	GlobalSection(ExtensibilityGlobals) = postSolution
		SolutionGuid = {77C2FB46-4D51-4683-BC89-2B13F3F04C4F}
	EndGlobalSection
EndGlobal
